
Microsoft Visual Studio Solution File, Format Version 12.00
# Visual Studio Version 16
VisualStudioVersion = 16.0.30413.136
MinimumVisualStudioVersion = 10.0.40219.1
Project("{FAE04EC0-301F-11D3-BF4B-00C04F79EFBC}") = "Tarea 12", "Tarea 12\Tarea 12.csproj", "{7651DD1D-A577-4246-B05F-A677DECEE4BA}"
EndProject
Global
	GlobalSection(SolutionConfigurationPlatforms) = preSolution
		Debug|Any CPU = Debug|Any CPU
		Release|Any CPU = Release|Any CPU
	EndGlobalSection
	GlobalSection(ProjectConfigurationPlatforms) = postSolution
		{7651DD1D-A577-4246-B05F-A677DECEE4BA}.Debug|Any CPU.ActiveCfg = Debug|Any CPU
		{7651DD1D-A577-4246-B05F-A677DECEE4BA}.Debug|Any CPU.Build.0 = Debug|Any CPU
		{7651DD1D-A577-4246-B05F-A677DECEE4BA}.Release|Any CPU.ActiveCfg = Release|Any CPU
		{7651DD1D-A577-4246-B05F-A677DECEE4BA}.Release|Any CPU.Build.0 = Release|Any CPU
	EndGlobalSection
	GlobalSection(SolutionProperties) = preSolution
		HideSolutionNode = FALSE
	EndGlobalSection
	GlobalSection(ExtensibilityGlobals) = postSolution
		SolutionGuid = {E9681380-AC20-47BA-9DED-71465650987A}
	EndGlobalSection
EndGlobal
